// !$*UTF8*$!
{
	archiveVersion = 1;
	classes = {
	};
	objectVersion = 46;
	objects = {

/* Begin PBXBuildFile section */
		2E734399AA9F59361ECCF9BF /* Pods_Timer.framework in Frameworks */ = {isa = PBXBuildFile; fileRef = B4C78825772A277839E0839A /* Pods_Timer.framework */; };
		6504A55A1D3A8C5E001F6FAF /* AppModel.swift in Sources */ = {isa = PBXBuildFile; fileRef = 6504A5591D3A8C5E001F6FAF /* AppModel.swift */; };
		650D526D1D30B08700C74751 /* AVFoundation.framework in Frameworks */ = {isa = PBXBuildFile; fileRef = 650D526C1D30B08700C74751 /* AVFoundation.framework */; };
		65370C7D1D3B693900BEC123 /* TimerWindowController.swift in Sources */ = {isa = PBXBuildFile; fileRef = 65370C7C1D3B693900BEC123 /* TimerWindowController.swift */; };
		65370C7F1D3B696F00BEC123 /* MainControlPanel.swift in Sources */ = {isa = PBXBuildFile; fileRef = 65370C7E1D3B696F00BEC123 /* MainControlPanel.swift */; };
		65370C811D3B69CD00BEC123 /* SoundDataManager.swift in Sources */ = {isa = PBXBuildFile; fileRef = 65370C801D3B69CD00BEC123 /* SoundDataManager.swift */; };
		65370C831D3B69D800BEC123 /* MissionDataManager.swift in Sources */ = {isa = PBXBuildFile; fileRef = 65370C821D3B69D800BEC123 /* MissionDataManager.swift */; };
		653B02741D3A1D09006C08E5 /* Artboard 1@512-1.png in Resources */ = {isa = PBXBuildFile; fileRef = 653B02731D3A1D09006C08E5 /* Artboard 1@512-1.png */; };
		654753391D3073FA00F29389 /* AppDelegate.swift in Sources */ = {isa = PBXBuildFile; fileRef = 654753381D3073FA00F29389 /* AppDelegate.swift */; };
		6547533B1D3073FA00F29389 /* TimerController.swift in Sources */ = {isa = PBXBuildFile; fileRef = 6547533A1D3073FA00F29389 /* TimerController.swift */; };
		6547533D1D3073FA00F29389 /* Assets.xcassets in Resources */ = {isa = PBXBuildFile; fileRef = 6547533C1D3073FA00F29389 /* Assets.xcassets */; };
		654753401D3073FA00F29389 /* Main.storyboard in Resources */ = {isa = PBXBuildFile; fileRef = 6547533E1D3073FA00F29389 /* Main.storyboard */; };
		6565982D1D308B520045ED36 /* SetTimerView.swift in Sources */ = {isa = PBXBuildFile; fileRef = 6565982C1D308B520045ED36 /* SetTimerView.swift */; };
/* End PBXBuildFile section */

/* Begin PBXFileReference section */
		43690F14B0BC36E161CCB966 /* Pods-Timer.release.xcconfig */ = {isa = PBXFileReference; includeInIndex = 1; lastKnownFileType = text.xcconfig; name = "Pods-Timer.release.xcconfig"; path = "Pods/Target Support Files/Pods-Timer/Pods-Timer.release.xcconfig"; sourceTree = "<group>"; };
		6504A5591D3A8C5E001F6FAF /* AppModel.swift */ = {isa = PBXFileReference; fileEncoding = 4; lastKnownFileType = sourcecode.swift; path = AppModel.swift; sourceTree = "<group>"; };
		650D526C1D30B08700C74751 /* AVFoundation.framework */ = {isa = PBXFileReference; lastKnownFileType = wrapper.framework; name = AVFoundation.framework; path = System/Library/Frameworks/AVFoundation.framework; sourceTree = SDKROOT; };
		652BDEF31D307D5D00344302 /* TimerActionCheck.playground */ = {isa = PBXFileReference; lastKnownFileType = file.playground; path = TimerActionCheck.playground; sourceTree = "<group>"; };
		65370C7C1D3B693900BEC123 /* TimerWindowController.swift */ = {isa = PBXFileReference; fileEncoding = 4; lastKnownFileType = sourcecode.swift; path = TimerWindowController.swift; sourceTree = "<group>"; };
		65370C7E1D3B696F00BEC123 /* MainControlPanel.swift */ = {isa = PBXFileReference; fileEncoding = 4; lastKnownFileType = sourcecode.swift; path = MainControlPanel.swift; sourceTree = "<group>"; };
		65370C801D3B69CD00BEC123 /* SoundDataManager.swift */ = {isa = PBXFileReference; fileEncoding = 4; lastKnownFileType = sourcecode.swift; path = SoundDataManager.swift; sourceTree = "<group>"; };
		65370C821D3B69D800BEC123 /* MissionDataManager.swift */ = {isa = PBXFileReference; fileEncoding = 4; lastKnownFileType = sourcecode.swift; path = MissionDataManager.swift; sourceTree = "<group>"; };
		653B02731D3A1D09006C08E5 /* Artboard 1@512-1.png */ = {isa = PBXFileReference; lastKnownFileType = image.png; name = "Artboard 1@512-1.png"; path = "Assets.xcassets/AppIcon.appiconset/Artboard 1@512-1.png"; sourceTree = "<group>"; };
		654753351D3073FA00F29389 /* Timer.app */ = {isa = PBXFileReference; explicitFileType = wrapper.application; includeInIndex = 0; path = Timer.app; sourceTree = BUILT_PRODUCTS_DIR; };
		654753381D3073FA00F29389 /* AppDelegate.swift */ = {isa = PBXFileReference; lastKnownFileType = sourcecode.swift; path = AppDelegate.swift; sourceTree = "<group>"; };
		6547533A1D3073FA00F29389 /* TimerController.swift */ = {isa = PBXFileReference; lastKnownFileType = sourcecode.swift; path = TimerController.swift; sourceTree = "<group>"; };
		6547533C1D3073FA00F29389 /* Assets.xcassets */ = {isa = PBXFileReference; lastKnownFileType = folder.assetcatalog; path = Assets.xcassets; sourceTree = "<group>"; };
		6547533F1D3073FA00F29389 /* Base */ = {isa = PBXFileReference; lastKnownFileType = file.storyboard; name = Base; path = Base.lproj/Main.storyboard; sourceTree = "<group>"; };
		654753411D3073FA00F29389 /* Info.plist */ = {isa = PBXFileReference; lastKnownFileType = text.plist.xml; path = Info.plist; sourceTree = "<group>"; };
		6565982C1D308B520045ED36 /* SetTimerView.swift */ = {isa = PBXFileReference; fileEncoding = 4; lastKnownFileType = sourcecode.swift; path = SetTimerView.swift; sourceTree = "<group>"; };
		B4C78825772A277839E0839A /* Pods_Timer.framework */ = {isa = PBXFileReference; explicitFileType = wrapper.framework; includeInIndex = 0; path = Pods_Timer.framework; sourceTree = BUILT_PRODUCTS_DIR; };
		F7D8143904C356B43323FEDF /* Pods-Timer.debug.xcconfig */ = {isa = PBXFileReference; includeInIndex = 1; lastKnownFileType = text.xcconfig; name = "Pods-Timer.debug.xcconfig"; path = "Pods/Target Support Files/Pods-Timer/Pods-Timer.debug.xcconfig"; sourceTree = "<group>"; };
/* End PBXFileReference section */

/* Begin PBXFrameworksBuildPhase section */
		654753321D3073FA00F29389 /* Frameworks */ = {
			isa = PBXFrameworksBuildPhase;
			buildActionMask = 2147483647;
			files = (
				650D526D1D30B08700C74751 /* AVFoundation.framework in Frameworks */,
				2E734399AA9F59361ECCF9BF /* Pods_Timer.framework in Frameworks */,
			);
			runOnlyForDeploymentPostprocessing = 0;
		};
/* End PBXFrameworksBuildPhase section */

/* Begin PBXGroup section */
		6504A5581D3A8A2D001F6FAF /* model */ = {
			isa = PBXGroup;
			children = (
				6504A5591D3A8C5E001F6FAF /* AppModel.swift */,
			);
			name = model;
			sourceTree = "<group>";
		};
		653B026F1D3A1CBE006C08E5 /* assets */ = {
			isa = PBXGroup;
			children = (
				653B02701D3A1CC7006C08E5 /* images */,
			);
			name = assets;
			sourceTree = "<group>";
		};
		653B02701D3A1CC7006C08E5 /* images */ = {
			isa = PBXGroup;
			children = (
				653B02731D3A1D09006C08E5 /* Artboard 1@512-1.png */,
			);
			name = images;
			sourceTree = "<group>";
		};
		6547532C1D3073FA00F29389 = {
			isa = PBXGroup;
			children = (
				650D526C1D30B08700C74751 /* AVFoundation.framework */,
				654753371D3073FA00F29389 /* Timer */,
				654753361D3073FA00F29389 /* Products */,
				85D97AF2F21976C6F6BD6BA6 /* Pods */,
				6CB64F07E2A21895D882AAE3 /* Frameworks */,
			);
			sourceTree = "<group>";
		};
		654753361D3073FA00F29389 /* Products */ = {
			isa = PBXGroup;
			children = (
				654753351D3073FA00F29389 /* Timer.app */,
			);
			name = Products;
			sourceTree = "<group>";
		};
		654753371D3073FA00F29389 /* Timer */ = {
			isa = PBXGroup;
			children = (
				6504A5581D3A8A2D001F6FAF /* model */,
				653B026F1D3A1CBE006C08E5 /* assets */,
				654753381D3073FA00F29389 /* AppDelegate.swift */,
				6547533A1D3073FA00F29389 /* TimerController.swift */,
				6565982C1D308B520045ED36 /* SetTimerView.swift */,
				652BDEF31D307D5D00344302 /* TimerActionCheck.playground */,
				6547533C1D3073FA00F29389 /* Assets.xcassets */,
				6547533E1D3073FA00F29389 /* Main.storyboard */,
				654753411D3073FA00F29389 /* Info.plist */,
				65370C7C1D3B693900BEC123 /* TimerWindowController.swift */,
				65370C7E1D3B696F00BEC123 /* MainControlPanel.swift */,
				65370C801D3B69CD00BEC123 /* SoundDataManager.swift */,
				65370C821D3B69D800BEC123 /* MissionDataManager.swift */,
			);
			path = Timer;
			sourceTree = "<group>";
		};
		6CB64F07E2A21895D882AAE3 /* Frameworks */ = {
			isa = PBXGroup;
			children = (
				B4C78825772A277839E0839A /* Pods_Timer.framework */,
			);
			name = Frameworks;
			sourceTree = "<group>";
		};
		85D97AF2F21976C6F6BD6BA6 /* Pods */ = {
			isa = PBXGroup;
			children = (
				F7D8143904C356B43323FEDF /* Pods-Timer.debug.xcconfig */,
				43690F14B0BC36E161CCB966 /* Pods-Timer.release.xcconfig */,
			);
			name = Pods;
			sourceTree = "<group>";
		};
/* End PBXGroup section */

/* Begin PBXNativeTarget section */
		654753341D3073FA00F29389 /* Timer */ = {
			isa = PBXNativeTarget;
			buildConfigurationList = 654753441D3073FA00F29389 /* Build configuration list for PBXNativeTarget "Timer" */;
			buildPhases = (
				488125EAC949319D04B55DE4 /* [CP] Check Pods Manifest.lock */,
				654753311D3073FA00F29389 /* Sources */,
				654753321D3073FA00F29389 /* Frameworks */,
				654753331D3073FA00F29389 /* Resources */,
				30971F8010FBC023A7DBBAB5 /* [CP] Embed Pods Frameworks */,
				B0F8D2E6E4724ED9E3EC06EB /* [CP] Copy Pods Resources */,
			);
			buildRules = (
			);
			dependencies = (
			);
			name = Timer;
			productName = Timer;
			productReference = 654753351D3073FA00F29389 /* Timer.app */;
			productType = "com.apple.product-type.application";
		};
/* End PBXNativeTarget section */

/* Begin PBXProject section */
		6547532D1D3073FA00F29389 /* Project object */ = {
			isa = PBXProject;
			attributes = {
				LastSwiftUpdateCheck = 0730;
				LastUpgradeCheck = 0730;
				ORGANIZATIONNAME = "Kosei Himeno";
				TargetAttributes = {
					654753341D3073FA00F29389 = {
						CreatedOnToolsVersion = 7.3.1;
					};
				};
			};
			buildConfigurationList = 654753301D3073FA00F29389 /* Build configuration list for PBXProject "Timer" */;
			compatibilityVersion = "Xcode 3.2";
			developmentRegion = English;
			hasScannedForEncodings = 0;
			knownRegions = (
				en,
				Base,
			);
			mainGroup = 6547532C1D3073FA00F29389;
			productRefGroup = 654753361D3073FA00F29389 /* Products */;
			projectDirPath = "";
			projectRoot = "";
			targets = (
				654753341D3073FA00F29389 /* Timer */,
			);
		};
/* End PBXProject section */

/* Begin PBXResourcesBuildPhase section */
		654753331D3073FA00F29389 /* Resources */ = {
			isa = PBXResourcesBuildPhase;
			buildActionMask = 2147483647;
			files = (
				653B02741D3A1D09006C08E5 /* Artboard 1@512-1.png in Resources */,
				6547533D1D3073FA00F29389 /* Assets.xcassets in Resources */,
				654753401D3073FA00F29389 /* Main.storyboard in Resources */,
			);
			runOnlyForDeploymentPostprocessing = 0;
		};
/* End PBXResourcesBuildPhase section */

/* Begin PBXShellScriptBuildPhase section */
		30971F8010FBC023A7DBBAB5 /* [CP] Embed Pods Frameworks */ = {
			isa = PBXShellScriptBuildPhase;
			buildActionMask = 2147483647;
			files = (
			);
			inputPaths = (
			);
			name = "[CP] Embed Pods Frameworks";
			outputPaths = (
			);
			runOnlyForDeploymentPostprocessing = 0;
			shellPath = /bin/sh;
			shellScript = "\"${SRCROOT}/Pods/Target Support Files/Pods-Timer/Pods-Timer-frameworks.sh\"\n";
			showEnvVarsInLog = 0;
		};
		488125EAC949319D04B55DE4 /* [CP] Check Pods Manifest.lock */ = {
			isa = PBXShellScriptBuildPhase;
			buildActionMask = 2147483647;
			files = (
			);
			inputPaths = (
			);
			name = "[CP] Check Pods Manifest.lock";
			outputPaths = (
			);
			runOnlyForDeploymentPostprocessing = 0;
			shellPath = /bin/sh;
			shellScript = "diff \"${PODS_ROOT}/../Podfile.lock\" \"${PODS_ROOT}/Manifest.lock\" > /dev/null\nif [[ $? != 0 ]] ; then\n    cat << EOM\nerror: The sandbox is not in sync with the Podfile.lock. Run 'pod install' or update your CocoaPods installation.\nEOM\n    exit 1\nfi\n";
			showEnvVarsInLog = 0;
		};
		B0F8D2E6E4724ED9E3EC06EB /* [CP] Copy Pods Resources */ = {
			isa = PBXShellScriptBuildPhase;
			buildActionMask = 2147483647;
			files = (
			);
			inputPaths = (
			);
			name = "[CP] Copy Pods Resources";
			outputPaths = (
			);
			runOnlyForDeploymentPostprocessing = 0;
			shellPath = /bin/sh;
			shellScript = "\"${SRCROOT}/Pods/Target Support Files/Pods-Timer/Pods-Timer-resources.sh\"\n";
			showEnvVarsInLog = 0;
		};
/* End PBXShellScriptBuildPhase section */

/* Begin PBXSourcesBuildPhase section */
		654753311D3073FA00F29389 /* Sources */ = {
			isa = PBXSourcesBuildPhase;
			buildActionMask = 2147483647;
			files = (
				65370C7D1D3B693900BEC123 /* TimerWindowController.swift in Sources */,
				6547533B1D3073FA00F29389 /* TimerController.swift in Sources */,
				65370C831D3B69D800BEC123 /* MissionDataManager.swift in Sources */,
				65370C811D3B69CD00BEC123 /* SoundDataManager.swift in Sources */,
				654753391D3073FA00F29389 /* AppDelegate.swift in Sources */,
				6565982D1D308B520045ED36 /* SetTimerView.swift in Sources */,
				6504A55A1D3A8C5E001F6FAF /* AppModel.swift in Sources */,
				65370C7F1D3B696F00BEC123 /* MainControlPanel.swift in Sources */,
			);
			runOnlyForDeploymentPostprocessing = 0;
		};
/* End PBXSourcesBuildPhase section */

/* Begin PBXVariantGroup section */
		6547533E1D3073FA00F29389 /* Main.storyboard */ = {
			isa = PBXVariantGroup;
			children = (
				6547533F1D3073FA00F29389 /* Base */,
			);
			name = Main.storyboard;
			sourceTree = "<group>";
		};
/* End PBXVariantGroup section */

/* Begin XCBuildConfiguration section */
		654753421D3073FA00F29389 /* Debug */ = {
			isa = XCBuildConfiguration;
			buildSettings = {
				ALWAYS_SEARCH_USER_PATHS = NO;
				CLANG_ANALYZER_NONNULL = YES;
				CLANG_CXX_LANGUAGE_STANDARD = "gnu++0x";
				CLANG_CXX_LIBRARY = "libc++";
				CLANG_ENABLE_MODULES = YES;
				CLANG_ENABLE_OBJC_ARC = YES;
				CLANG_WARN_BOOL_CONVERSION = YES;
				CLANG_WARN_CONSTANT_CONVERSION = YES;
				CLANG_WARN_DIRECT_OBJC_ISA_USAGE = YES_ERROR;
				CLANG_WARN_EMPTY_BODY = YES;
				CLANG_WARN_ENUM_CONVERSION = YES;
				CLANG_WARN_INT_CONVERSION = YES;
				CLANG_WARN_OBJC_ROOT_CLASS = YES_ERROR;
				CLANG_WARN_UNREACHABLE_CODE = YES;
				CLANG_WARN__DUPLICATE_METHOD_MATCH = YES;
				CODE_SIGN_IDENTITY = "-";
				COPY_PHASE_STRIP = NO;
				DEBUG_INFORMATION_FORMAT = dwarf;
				ENABLE_STRICT_OBJC_MSGSEND = YES;
				ENABLE_TESTABILITY = YES;
				GCC_C_LANGUAGE_STANDARD = gnu99;
				GCC_DYNAMIC_NO_PIC = NO;
				GCC_NO_COMMON_BLOCKS = YES;
				GCC_OPTIMIZATION_LEVEL = 0;
				GCC_PREPROCESSOR_DEFINITIONS = (
					"DEBUG=1",
					"$(inherited)",
				);
				GCC_WARN_64_TO_32_BIT_CONVERSION = YES;
				GCC_WARN_ABOUT_RETURN_TYPE = YES_ERROR;
				GCC_WARN_UNDECLARED_SELECTOR = YES;
				GCC_WARN_UNINITIALIZED_AUTOS = YES_AGGRESSIVE;
				GCC_WARN_UNUSED_FUNCTION = YES;
				GCC_WARN_UNUSED_VARIABLE = YES;
				MACOSX_DEPLOYMENT_TARGET = 10.11;
				MTL_ENABLE_DEBUG_INFO = YES;
				ONLY_ACTIVE_ARCH = YES;
				SDKROOT = macosx;
				SWIFT_OPTIMIZATION_LEVEL = "-Onone";
			};
			name = Debug;
		};
		654753431D3073FA00F29389 /* Release */ = {
			isa = XCBuildConfiguration;
			buildSettings = {
				ALWAYS_SEARCH_USER_PATHS = NO;
				CLANG_ANALYZER_NONNULL = YES;
				CLANG_CXX_LANGUAGE_STANDARD = "gnu++0x";
				CLANG_CXX_LIBRARY = "libc++";
				CLANG_ENABLE_MODULES = YES;
				CLANG_ENABLE_OBJC_ARC = YES;
				CLANG_WARN_BOOL_CONVERSION = YES;
				CLANG_WARN_CONSTANT_CONVERSION = YES;
				CLANG_WARN_DIRECT_OBJC_ISA_USAGE = YES_ERROR;
				CLANG_WARN_EMPTY_BODY = YES;
				CLANG_WARN_ENUM_CONVERSION = YES;
				CLANG_WARN_INT_CONVERSION = YES;
				CLANG_WARN_OBJC_ROOT_CLASS = YES_ERROR;
				CLANG_WARN_UNREACHABLE_CODE = YES;
				CLANG_WARN__DUPLICATE_METHOD_MATCH = YES;
				CODE_SIGN_IDENTITY = "-";
				COPY_PHASE_STRIP = NO;
				DEBUG_INFORMATION_FORMAT = "dwarf-with-dsym";
				ENABLE_NS_ASSERTIONS = NO;
				ENABLE_STRICT_OBJC_MSGSEND = YES;
				GCC_C_LANGUAGE_STANDARD = gnu99;
				GCC_NO_COMMON_BLOCKS = YES;
				GCC_WARN_64_TO_32_BIT_CONVERSION = YES;
				GCC_WARN_ABOUT_RETURN_TYPE = YES_ERROR;
				GCC_WARN_UNDECLARED_SELECTOR = YES;
				GCC_WARN_UNINITIALIZED_AUTOS = YES_AGGRESSIVE;
				GCC_WARN_UNUSED_FUNCTION = YES;
				GCC_WARN_UNUSED_VARIABLE = YES;
				MACOSX_DEPLOYMENT_TARGET = 10.11;
				MTL_ENABLE_DEBUG_INFO = NO;
				SDKROOT = macosx;
			};
			name = Release;
		};
		654753451D3073FA00F29389 /* Debug */ = {
			isa = XCBuildConfiguration;
			baseConfigurationReference = F7D8143904C356B43323FEDF /* Pods-Timer.debug.xcconfig */;
			buildSettings = {
				ASSETCATALOG_COMPILER_APPICON_NAME = AppIcon;
				COMBINE_HIDPI_IMAGES = YES;
				INFOPLIST_FILE = Timer/Info.plist;
				LD_RUNPATH_SEARCH_PATHS = "$(inherited) @executable_path/../Frameworks";
				PRODUCT_BUNDLE_IDENTIFIER = himenoglyph.Timer;
				PRODUCT_NAME = "$(TARGET_NAME)";
			};
			name = Debug;
		};
		654753461D3073FA00F29389 /* Release */ = {
			isa = XCBuildConfiguration;
			baseConfigurationReference = 43690F14B0BC36E161CCB966 /* Pods-Timer.release.xcconfig */;
			buildSettings = {
				ASSETCATALOG_COMPILER_APPICON_NAME = AppIcon;
				COMBINE_HIDPI_IMAGES = YES;
				INFOPLIST_FILE = Timer/Info.plist;
				LD_RUNPATH_SEARCH_PATHS = "$(inherited) @executable_path/../Frameworks";
				PRODUCT_BUNDLE_IDENTIFIER = himenoglyph.Timer;
				PRODUCT_NAME = "$(TARGET_NAME)";
			};
			name = Release;
		};
/* End XCBuildConfiguration section */

/* Begin XCConfigurationList section */
		654753301D3073FA00F29389 /* Build configuration list for PBXProject "Timer" */ = {
			isa = XCConfigurationList;
			buildConfigurations = (
				654753421D3073FA00F29389 /* Debug */,
				654753431D3073FA00F29389 /* Release */,
			);
			defaultConfigurationIsVisible = 0;
			defaultConfigurationName = Release;
		};
		654753441D3073FA00F29389 /* Build configuration list for PBXNativeTarget "Timer" */ = {
			isa = XCConfigurationList;
			buildConfigurations = (
				654753451D3073FA00F29389 /* Debug */,
				654753461D3073FA00F29389 /* Release */,
			);
			defaultConfigurationIsVisible = 0;
			defaultConfigurationName = Release;
		};
/* End XCConfigurationList section */
	};
	rootObject = 6547532D1D3073FA00F29389 /* Project object */;
}
